// !$*UTF8*$!
{
	archiveVersion = 1;
	classes = {
	};
	objectVersion = 48;
	objects = {

/* Begin PBXBuildFile section */
		BD52228F1FD1BBAD00FB16E7 /* AppDelegate.swift in Sources */ = {isa = PBXBuildFile; fileRef = BD52228E1FD1BBAD00FB16E7 /* AppDelegate.swift */; };
		BD5222911FD1BBAD00FB16E7 /* ViewController.swift in Sources */ = {isa = PBXBuildFile; fileRef = BD5222901FD1BBAD00FB16E7 /* ViewController.swift */; };
		BD5222941FD1BBAD00FB16E7 /* Main.storyboard in Resources */ = {isa = PBXBuildFile; fileRef = BD5222921FD1BBAD00FB16E7 /* Main.storyboard */; };
		BD5222961FD1BBAD00FB16E7 /* Assets.xcassets in Resources */ = {isa = PBXBuildFile; fileRef = BD5222951FD1BBAD00FB16E7 /* Assets.xcassets */; };
		BD5222991FD1BBAD00FB16E7 /* LaunchScreen.storyboard in Resources */ = {isa = PBXBuildFile; fileRef = BD5222971FD1BBAD00FB16E7 /* LaunchScreen.storyboard */; };
/* End PBXBuildFile section */

/* Begin PBXFileReference section */
		BD52228B1FD1BBAD00FB16E7 /* ExercicioFinal1.app */ = {isa = PBXFileReference; explicitFileType = wrapper.application; includeInIndex = 0; path = ExercicioFinal1.app; sourceTree = BUILT_PRODUCTS_DIR; };
		BD52228E1FD1BBAD00FB16E7 /* AppDelegate.swift */ = {isa = PBXFileReference; lastKnownFileType = sourcecode.swift; path = AppDelegate.swift; sourceTree = "<group>"; };
		BD5222901FD1BBAD00FB16E7 /* ViewController.swift */ = {isa = PBXFileReference; lastKnownFileType = sourcecode.swift; path = ViewController.swift; sourceTree = "<group>"; };
		BD5222931FD1BBAD00FB16E7 /* Base */ = {isa = PBXFileReference; lastKnownFileType = file.storyboard; name = Base; path = Base.lproj/Main.storyboard; sourceTree = "<group>"; };
		BD5222951FD1BBAD00FB16E7 /* Assets.xcassets */ = {isa = PBXFileReference; lastKnownFileType = folder.assetcatalog; path = Assets.xcassets; sourceTree = "<group>"; };
		BD5222981FD1BBAD00FB16E7 /* Base */ = {isa = PBXFileReference; lastKnownFileType = file.storyboard; name = Base; path = Base.lproj/LaunchScreen.storyboard; sourceTree = "<group>"; };
		BD52229A1FD1BBAD00FB16E7 /* Info.plist */ = {isa = PBXFileReference; lastKnownFileType = text.plist.xml; path = Info.plist; sourceTree = "<group>"; };
/* End PBXFileReference section */

/* Begin PBXFrameworksBuildPhase section */
		BD5222881FD1BBAD00FB16E7 /* Frameworks */ = {
			isa = PBXFrameworksBuildPhase;
			buildActionMask = 2147483647;
			files = (
			);
			runOnlyForDeploymentPostprocessing = 0;
		};
/* End PBXFrameworksBuildPhase section */

/* Begin PBXGroup section */
		BD5222821FD1BBAD00FB16E7 = {
			isa = PBXGroup;
			children = (
				BD52228D1FD1BBAD00FB16E7 /* ExercicioFinal1 */,
				BD52228C1FD1BBAD00FB16E7 /* Products */,
			);
			sourceTree = "<group>";
		};
		BD52228C1FD1BBAD00FB16E7 /* Products */ = {
			isa = PBXGroup;
			children = (
				BD52228B1FD1BBAD00FB16E7 /* ExercicioFinal1.app */,
			);
			name = Products;
			sourceTree = "<group>";
		};
		BD52228D1FD1BBAD00FB16E7 /* ExercicioFinal1 */ = {
			isa = PBXGroup;
			children = (
				BD52228E1FD1BBAD00FB16E7 /* AppDelegate.swift */,
				BD5222901FD1BBAD00FB16E7 /* ViewController.swift */,
				BD5222921FD1BBAD00FB16E7 /* Main.storyboard */,
				BD5222951FD1BBAD00FB16E7 /* Assets.xcassets */,
				BD5222971FD1BBAD00FB16E7 /* LaunchScreen.storyboard */,
				BD52229A1FD1BBAD00FB16E7 /* Info.plist */,
			);
			path = ExercicioFinal1;
			sourceTree = "<group>";
		};
/* End PBXGroup section */

/* Begin PBXNativeTarget section */
		BD52228A1FD1BBAD00FB16E7 /* ExercicioFinal1 */ = {
			isa = PBXNativeTarget;
			buildConfigurationList = BD52229D1FD1BBAD00FB16E7 /* Build configuration list for PBXNativeTarget "ExercicioFinal1" */;
			buildPhases = (
				BD5222871FD1BBAD00FB16E7 /* Sources */,
				BD5222881FD1BBAD00FB16E7 /* Frameworks */,
				BD5222891FD1BBAD00FB16E7 /* Resources */,
			);
			buildRules = (
			);
			dependencies = (
			);
			name = ExercicioFinal1;
			productName = ExercicioFinal1;
			productReference = BD52228B1FD1BBAD00FB16E7 /* ExercicioFinal1.app */;
			productType = "com.apple.product-type.application";
		};
/* End PBXNativeTarget section */

/* Begin PBXProject section */
		BD5222831FD1BBAD00FB16E7 /* Project object */ = {
			isa = PBXProject;
			attributes = {
				LastSwiftUpdateCheck = 0910;
				LastUpgradeCheck = 0910;
				ORGANIZATIONNAME = Jean;
				TargetAttributes = {
					BD52228A1FD1BBAD00FB16E7 = {
						CreatedOnToolsVersion = 9.1;
						ProvisioningStyle = Automatic;
					};
				};
			};
			buildConfigurationList = BD5222861FD1BBAD00FB16E7 /* Build configuration list for PBXProject "ExercicioFinal1" */;
			compatibilityVersion = "Xcode 8.0";
			developmentRegion = en;
			hasScannedForEncodings = 0;
			knownRegions = (
				en,
				Base,
			);
			mainGroup = BD5222821FD1BBAD00FB16E7;
			productRefGroup = BD52228C1FD1BBAD00FB16E7 /* Products */;
			projectDirPath = "";
			projectRoot = "";
			targets = (
				BD52228A1FD1BBAD00FB16E7 /* ExercicioFinal1 */,
			);
		};
/* End PBXProject section */

/* Begin PBXResourcesBuildPhase section */
		BD5222891FD1BBAD00FB16E7 /* Resources */ = {
			isa = PBXResourcesBuildPhase;
			buildActionMask = 2147483647;
			files = (
				BD5222991FD1BBAD00FB16E7 /* LaunchScreen.storyboard in Resources */,
				BD5222961FD1BBAD00FB16E7 /* Assets.xcassets in Resources */,
				BD5222941FD1BBAD00FB16E7 /* Main.storyboard in Resources */,
			);
			runOnlyForDeploymentPostprocessing = 0;
		};
/* End PBXResourcesBuildPhase section */

/* Begin PBXSourcesBuildPhase section */
		BD5222871FD1BBAD00FB16E7 /* Sources */ = {
			isa = PBXSourcesBuildPhase;
			buildActionMask = 2147483647;
			files = (
				BD5222911FD1BBAD00FB16E7 /* ViewController.swift in Sources */,
				BD52228F1FD1BBAD00FB16E7 /* AppDelegate.swift in Sources */,
			);
			runOnlyForDeploymentPostprocessing = 0;
		};
/* End PBXSourcesBuildPhase section */

/* Begin PBXVariantGroup section */
		BD5222921FD1BBAD00FB16E7 /* Main.storyboard */ = {
			isa = PBXVariantGroup;
			children = (
				BD5222931FD1BBAD00FB16E7 /* Base */,
			);
			name = Main.storyboard;
			sourceTree = "<group>";
		};
		BD5222971FD1BBAD00FB16E7 /* LaunchScreen.storyboard */ = {
			isa = PBXVariantGroup;
			children = (
				BD5222981FD1BBAD00FB16E7 /* Base */,
			);
			name = LaunchScreen.storyboard;
			sourceTree = "<group>";
		};
/* End PBXVariantGroup section */

/* Begin XCBuildConfiguration section */
		BD52229B1FD1BBAD00FB16E7 /* Debug */ = {
			isa = XCBuildConfiguration;
			buildSettings = {
				ALWAYS_SEARCH_USER_PATHS = NO;
				CLANG_ANALYZER_NONNULL = YES;
				CLANG_ANALYZER_NUMBER_OBJECT_CONVERSION = YES_AGGRESSIVE;
				CLANG_CXX_LANGUAGE_STANDARD = "gnu++14";
				CLANG_CXX_LIBRARY = "libc++";
				CLANG_ENABLE_MODULES = YES;
				CLANG_ENABLE_OBJC_ARC = YES;
				CLANG_WARN_BLOCK_CAPTURE_AUTORELEASING = YES;
				CLANG_WARN_BOOL_CONVERSION = YES;
				CLANG_WARN_COMMA = YES;
				CLANG_WARN_CONSTANT_CONVERSION = YES;
				CLANG_WARN_DIRECT_OBJC_ISA_USAGE = YES_ERROR;
				CLANG_WARN_DOCUMENTATION_COMMENTS = YES;
				CLANG_WARN_EMPTY_BODY = YES;
				CLANG_WARN_ENUM_CONVERSION = YES;
				CLANG_WARN_INFINITE_RECURSION = YES;
				CLANG_WARN_INT_CONVERSION = YES;
				CLANG_WARN_NON_LITERAL_NULL_CONVERSION = YES;
				CLANG_WARN_OBJC_LITERAL_CONVERSION = YES;
				CLANG_WARN_OBJC_ROOT_CLASS = YES_ERROR;
				CLANG_WARN_RANGE_LOOP_ANALYSIS = YES;
				CLANG_WARN_STRICT_PROTOTYPES = YES;
				CLANG_WARN_SUSPICIOUS_MOVE = YES;
				CLANG_WARN_UNGUARDED_AVAILABILITY = YES_AGGRESSIVE;
				CLANG_WARN_UNREACHABLE_CODE = YES;
				CLANG_WARN__DUPLICATE_METHOD_MATCH = YES;
				CODE_SIGN_IDENTITY = "iPhone Developer";
				COPY_PHASE_STRIP = NO;
				DEBUG_INFORMATION_FORMAT = dwarf;
				ENABLE_STRICT_OBJC_MSGSEND = YES;
				ENABLE_TESTABILITY = YES;
				GCC_C_LANGUAGE_STANDARD = gnu11;
				GCC_DYNAMIC_NO_PIC = NO;
				GCC_NO_COMMON_BLOCKS = YES;
				GCC_OPTIMIZATION_LEVEL = 0;
				GCC_PREPROCESSOR_DEFINITIONS = (
					"DEBUG=1",
					"$(inherited)",
				);
				GCC_WARN_64_TO_32_BIT_CONVERSION = YES;
				GCC_WARN_ABOUT_RETURN_TYPE = YES_ERROR;
				GCC_WARN_UNDECLARED_SELECTOR = YES;
				GCC_WARN_UNINITIALIZED_AUTOS = YES_AGGRESSIVE;
				GCC_WARN_UNUSED_FUNCTION = YES;
				GCC_WARN_UNUSED_VARIABLE = YES;
				IPHONEOS_DEPLOYMENT_TARGET = 11.1;
				MTL_ENABLE_DEBUG_INFO = YES;
				ONLY_ACTIVE_ARCH = YES;
				SDKROOT = iphoneos;
				SWIFT_ACTIVE_COMPILATION_CONDITIONS = DEBUG;
				SWIFT_OPTIMIZATION_LEVEL = "-Onone";
			};
			name = Debug;
		};
		BD52229C1FD1BBAD00FB16E7 /* Release */ = {
			isa = XCBuildConfiguration;
			buildSettings = {
				ALWAYS_SEARCH_USER_PATHS = NO;
				CLANG_ANALYZER_NONNULL = YES;
				CLANG_ANALYZER_NUMBER_OBJECT_CONVERSION = YES_AGGRESSIVE;
				CLANG_CXX_LANGUAGE_STANDARD = "gnu++14";
				CLANG_CXX_LIBRARY = "libc++";
				CLANG_ENABLE_MODULES = YES;
				CLANG_ENABLE_OBJC_ARC = YES;
				CLANG_WARN_BLOCK_CAPTURE_AUTORELEASING = YES;
				CLANG_WARN_BOOL_CONVERSION = YES;
				CLANG_WARN_COMMA = YES;
				CLANG_WARN_CONSTANT_CONVERSION = YES;
				CLANG_WARN_DIRECT_OBJC_ISA_USAGE = YES_ERROR;
				CLANG_WARN_DOCUMENTATION_COMMENTS = YES;
				CLANG_WARN_EMPTY_BODY = YES;
				CLANG_WARN_ENUM_CONVERSION = YES;
				CLANG_WARN_INFINITE_RECURSION = YES;
				CLANG_WARN_INT_CONVERSION = YES;
				CLANG_WARN_NON_LITERAL_NULL_CONVERSION = YES;
				CLANG_WARN_OBJC_LITERAL_CONVERSION = YES;
				CLANG_WARN_OBJC_ROOT_CLASS = YES_ERROR;
				CLANG_WARN_RANGE_LOOP_ANALYSIS = YES;
				CLANG_WARN_STRICT_PROTOTYPES = YES;
				CLANG_WARN_SUSPICIOUS_MOVE = YES;
				CLANG_WARN_UNGUARDED_AVAILABILITY = YES_AGGRESSIVE;
				CLANG_WARN_UNREACHABLE_CODE = YES;
				CLANG_WARN__DUPLICATE_METHOD_MATCH = YES;
				CODE_SIGN_IDENTITY = "iPhone Developer";
				COPY_PHASE_STRIP = NO;
				DEBUG_INFORMATION_FORMAT = "dwarf-with-dsym";
				ENABLE_NS_ASSERTIONS = NO;
				ENABLE_STRICT_OBJC_MSGSEND = YES;
				GCC_C_LANGUAGE_STANDARD = gnu11;
				GCC_NO_COMMON_BLOCKS = YES;
				GCC_WARN_64_TO_32_BIT_CONVERSION = YES;
				GCC_WARN_ABOUT_RETURN_TYPE = YES_ERROR;
				GCC_WARN_UNDECLARED_SELECTOR = YES;
				GCC_WARN_UNINITIALIZED_AUTOS = YES_AGGRESSIVE;
				GCC_WARN_UNUSED_FUNCTION = YES;
				GCC_WARN_UNUSED_VARIABLE = YES;
				IPHONEOS_DEPLOYMENT_TARGET = 11.1;
				MTL_ENABLE_DEBUG_INFO = NO;
				SDKROOT = iphoneos;
				SWIFT_OPTIMIZATION_LEVEL = "-Owholemodule";
				VALIDATE_PRODUCT = YES;
			};
			name = Release;
		};
		BD52229E1FD1BBAD00FB16E7 /* Debug */ = {
			isa = XCBuildConfiguration;
			buildSettings = {
				ASSETCATALOG_COMPILER_APPICON_NAME = AppIcon;
				CODE_SIGN_STYLE = Automatic;
				DEVELOPMENT_TEAM = 862R2LCZ22;
				INFOPLIST_FILE = ExercicioFinal1/Info.plist;
				LD_RUNPATH_SEARCH_PATHS = "$(inherited) @executable_path/Frameworks";
				PRODUCT_BUNDLE_IDENTIFIER = com.br.scopus.ExercicioFinal1;
				PRODUCT_NAME = "$(TARGET_NAME)";
				SWIFT_VERSION = 4.0;
				TARGETED_DEVICE_FAMILY = "1,2";
			};
			name = Debug;
		};
		BD52229F1FD1BBAD00FB16E7 /* Release */ = {
			isa = XCBuildConfiguration;
			buildSettings = {
				ASSETCATALOG_COMPILER_APPICON_NAME = AppIcon;
				CODE_SIGN_STYLE = Automatic;
				DEVELOPMENT_TEAM = 862R2LCZ22;
				INFOPLIST_FILE = ExercicioFinal1/Info.plist;
				LD_RUNPATH_SEARCH_PATHS = "$(inherited) @executable_path/Frameworks";
				PRODUCT_BUNDLE_IDENTIFIER = com.br.scopus.ExercicioFinal1;
				PRODUCT_NAME = "$(TARGET_NAME)";
				SWIFT_VERSION = 4.0;
				TARGETED_DEVICE_FAMILY = "1,2";
			};
			name = Release;
		};
/* End XCBuildConfiguration section */

/* Begin XCConfigurationList section */
		BD5222861FD1BBAD00FB16E7 /* Build configuration list for PBXProject "ExercicioFinal1" */ = {
			isa = XCConfigurationList;
			buildConfigurations = (
				BD52229B1FD1BBAD00FB16E7 /* Debug */,
				BD52229C1FD1BBAD00FB16E7 /* Release */,
			);
			defaultConfigurationIsVisible = 0;
			defaultConfigurationName = Release;
		};
		BD52229D1FD1BBAD00FB16E7 /* Build configuration list for PBXNativeTarget "ExercicioFinal1" */ = {
			isa = XCConfigurationList;
			buildConfigurations = (
				BD52229E1FD1BBAD00FB16E7 /* Debug */,
				BD52229F1FD1BBAD00FB16E7 /* Release */,
			);
			defaultConfigurationIsVisible = 0;
			defaultConfigurationName = Release;
		};
/* End XCConfigurationList section */
	};
	rootObject = BD5222831FD1BBAD00FB16E7 /* Project object */;
}
